// !$*UTF8*$!
{
	archiveVersion = 1;
	classes = {
	};
	objectVersion = 50;
	objects = {

/* Begin PBXBuildFile section */
		F801390521A983810047DF13 /* ViewController+ARSCNViewDelegate.swift in Sources */ = {isa = PBXBuildFile; fileRef = F801390421A983810047DF13 /* ViewController+ARSCNViewDelegate.swift */; };
		F81DB62221AAF56700E9EE63 /* ViewController+ObjectAddition.swift in Sources */ = {isa = PBXBuildFile; fileRef = F81DB62121AAF56600E9EE63 /* ViewController+ObjectAddition.swift */; };
		F82354A021A99D740089E734 /* FocusSquare.swift in Sources */ = {isa = PBXBuildFile; fileRef = F823549F21A99D740089E734 /* FocusSquare.swift */; };
		F89B6B5621A892C400339B48 /* AppDelegate.swift in Sources */ = {isa = PBXBuildFile; fileRef = F89B6B5521A892C400339B48 /* AppDelegate.swift */; };
		F89B6B5821A892C400339B48 /* art.scnassets in Resources */ = {isa = PBXBuildFile; fileRef = F89B6B5721A892C400339B48 /* art.scnassets */; };
		F89B6B5A21A892C400339B48 /* ViewController.swift in Sources */ = {isa = PBXBuildFile; fileRef = F89B6B5921A892C400339B48 /* ViewController.swift */; };
		F89B6B5D21A892C400339B48 /* Main.storyboard in Resources */ = {isa = PBXBuildFile; fileRef = F89B6B5B21A892C400339B48 /* Main.storyboard */; };
		F89B6B5F21A892C500339B48 /* Assets.xcassets in Resources */ = {isa = PBXBuildFile; fileRef = F89B6B5E21A892C500339B48 /* Assets.xcassets */; };
		F89B6B6221A892C500339B48 /* LaunchScreen.storyboard in Resources */ = {isa = PBXBuildFile; fileRef = F89B6B6021A892C500339B48 /* LaunchScreen.storyboard */; };
/* End PBXBuildFile section */

/* Begin PBXContainerItemProxy section */
		F89B6B6921A892C500339B48 /* PBXContainerItemProxy */ = {
			isa = PBXContainerItemProxy;
			containerPortal = F89B6B4A21A892C400339B48 /* Project object */;
			proxyType = 1;
			remoteGlobalIDString = F89B6B5121A892C400339B48;
			remoteInfo = HelloWorld;
		};
		F89B6B7421A892C500339B48 /* PBXContainerItemProxy */ = {
			isa = PBXContainerItemProxy;
			containerPortal = F89B6B4A21A892C400339B48 /* Project object */;
			proxyType = 1;
			remoteGlobalIDString = F89B6B5121A892C400339B48;
			remoteInfo = HelloWorld;
		};
/* End PBXContainerItemProxy section */

/* Begin PBXFileReference section */
		F801390421A983810047DF13 /* ViewController+ARSCNViewDelegate.swift */ = {isa = PBXFileReference; lastKnownFileType = sourcecode.swift; path = "ViewController+ARSCNViewDelegate.swift"; sourceTree = "<group>"; };
		F81DB62121AAF56600E9EE63 /* ViewController+ObjectAddition.swift */ = {isa = PBXFileReference; lastKnownFileType = sourcecode.swift; path = "ViewController+ObjectAddition.swift"; sourceTree = "<group>"; };
		F823549F21A99D740089E734 /* FocusSquare.swift */ = {isa = PBXFileReference; lastKnownFileType = sourcecode.swift; path = FocusSquare.swift; sourceTree = "<group>"; };
		F89B6B5221A892C400339B48 /* HelloWorld.app */ = {isa = PBXFileReference; explicitFileType = wrapper.application; includeInIndex = 0; path = HelloWorld.app; sourceTree = BUILT_PRODUCTS_DIR; };
		F89B6B5521A892C400339B48 /* AppDelegate.swift */ = {isa = PBXFileReference; lastKnownFileType = sourcecode.swift; path = AppDelegate.swift; sourceTree = "<group>"; };
		F89B6B5721A892C400339B48 /* art.scnassets */ = {isa = PBXFileReference; lastKnownFileType = wrapper.scnassets; path = art.scnassets; sourceTree = "<group>"; };
		F89B6B5921A892C400339B48 /* ViewController.swift */ = {isa = PBXFileReference; lastKnownFileType = sourcecode.swift; path = ViewController.swift; sourceTree = "<group>"; };
		F89B6B5C21A892C400339B48 /* Base */ = {isa = PBXFileReference; lastKnownFileType = file.storyboard; name = Base; path = Base.lproj/Main.storyboard; sourceTree = "<group>"; };
		F89B6B5E21A892C500339B48 /* Assets.xcassets */ = {isa = PBXFileReference; lastKnownFileType = folder.assetcatalog; path = Assets.xcassets; sourceTree = "<group>"; };
		F89B6B6121A892C500339B48 /* Base */ = {isa = PBXFileReference; lastKnownFileType = file.storyboard; name = Base; path = Base.lproj/LaunchScreen.storyboard; sourceTree = "<group>"; };
		F89B6B6321A892C500339B48 /* Info.plist */ = {isa = PBXFileReference; lastKnownFileType = text.plist.xml; path = Info.plist; sourceTree = "<group>"; };
		F89B6B6821A892C500339B48 /* HelloWorldTests.xctest */ = {isa = PBXFileReference; explicitFileType = wrapper.cfbundle; includeInIndex = 0; path = HelloWorldTests.xctest; sourceTree = BUILT_PRODUCTS_DIR; };
		F89B6B7321A892C500339B48 /* HelloWorldUITests.xctest */ = {isa = PBXFileReference; explicitFileType = wrapper.cfbundle; includeInIndex = 0; path = HelloWorldUITests.xctest; sourceTree = BUILT_PRODUCTS_DIR; };
/* End PBXFileReference section */

/* Begin PBXFrameworksBuildPhase section */
		F89B6B4F21A892C400339B48 /* Frameworks */ = {
			isa = PBXFrameworksBuildPhase;
			buildActionMask = 2147483647;
			files = (
			);
			runOnlyForDeploymentPostprocessing = 0;
		};
		F89B6B6521A892C500339B48 /* Frameworks */ = {
			isa = PBXFrameworksBuildPhase;
			buildActionMask = 2147483647;
			files = (
			);
			runOnlyForDeploymentPostprocessing = 0;
		};
		F89B6B7021A892C500339B48 /* Frameworks */ = {
			isa = PBXFrameworksBuildPhase;
			buildActionMask = 2147483647;
			files = (
			);
			runOnlyForDeploymentPostprocessing = 0;
		};
/* End PBXFrameworksBuildPhase section */

/* Begin PBXGroup section */
		F89B6B4921A892C400339B48 = {
			isa = PBXGroup;
			children = (
				F89B6B5421A892C400339B48 /* HelloWorld */,
				F89B6B5321A892C400339B48 /* Products */,
			);
			sourceTree = "<group>";
		};
		F89B6B5321A892C400339B48 /* Products */ = {
			isa = PBXGroup;
			children = (
				F89B6B5221A892C400339B48 /* HelloWorld.app */,
				F89B6B6821A892C500339B48 /* HelloWorldTests.xctest */,
				F89B6B7321A892C500339B48 /* HelloWorldUITests.xctest */,
			);
			name = Products;
			sourceTree = "<group>";
		};
		F89B6B5421A892C400339B48 /* HelloWorld */ = {
			isa = PBXGroup;
			children = (
				F89B6B5521A892C400339B48 /* AppDelegate.swift */,
				F89B6B5721A892C400339B48 /* art.scnassets */,
				F89B6B5921A892C400339B48 /* ViewController.swift */,
				F801390421A983810047DF13 /* ViewController+ARSCNViewDelegate.swift */,
				F81DB62121AAF56600E9EE63 /* ViewController+ObjectAddition.swift */,
				F823549F21A99D740089E734 /* FocusSquare.swift */,
				F89B6B5B21A892C400339B48 /* Main.storyboard */,
				F89B6B5E21A892C500339B48 /* Assets.xcassets */,
				F89B6B6021A892C500339B48 /* LaunchScreen.storyboard */,
				F89B6B6321A892C500339B48 /* Info.plist */,
			);
			path = HelloWorld;
			sourceTree = "<group>";
		};
/* End PBXGroup section */

/* Begin PBXNativeTarget section */
		F89B6B5121A892C400339B48 /* HelloWorld */ = {
			isa = PBXNativeTarget;
			buildConfigurationList = F89B6B7C21A892C500339B48 /* Build configuration list for PBXNativeTarget "HelloWorld" */;
			buildPhases = (
				F89B6B4E21A892C400339B48 /* Sources */,
				F89B6B4F21A892C400339B48 /* Frameworks */,
				F89B6B5021A892C400339B48 /* Resources */,
			);
			buildRules = (
			);
			dependencies = (
			);
			name = HelloWorld;
			productName = HelloWorld;
			productReference = F89B6B5221A892C400339B48 /* HelloWorld.app */;
			productType = "com.apple.product-type.application";
		};
		F89B6B6721A892C500339B48 /* HelloWorldTests */ = {
			isa = PBXNativeTarget;
			buildConfigurationList = F89B6B7F21A892C500339B48 /* Build configuration list for PBXNativeTarget "HelloWorldTests" */;
			buildPhases = (
				F89B6B6421A892C500339B48 /* Sources */,
				F89B6B6521A892C500339B48 /* Frameworks */,
				F89B6B6621A892C500339B48 /* Resources */,
			);
			buildRules = (
			);
			dependencies = (
				F89B6B6A21A892C500339B48 /* PBXTargetDependency */,
			);
			name = HelloWorldTests;
			productName = HelloWorldTests;
			productReference = F89B6B6821A892C500339B48 /* HelloWorldTests.xctest */;
			productType = "com.apple.product-type.bundle.unit-test";
		};
		F89B6B7221A892C500339B48 /* HelloWorldUITests */ = {
			isa = PBXNativeTarget;
			buildConfigurationList = F89B6B8221A892C500339B48 /* Build configuration list for PBXNativeTarget "HelloWorldUITests" */;
			buildPhases = (
				F89B6B6F21A892C500339B48 /* Sources */,
				F89B6B7021A892C500339B48 /* Frameworks */,
				F89B6B7121A892C500339B48 /* Resources */,
			);
			buildRules = (
			);
			dependencies = (
				F89B6B7521A892C500339B48 /* PBXTargetDependency */,
			);
			name = HelloWorldUITests;
			productName = HelloWorldUITests;
			productReference = F89B6B7321A892C500339B48 /* HelloWorldUITests.xctest */;
			productType = "com.apple.product-type.bundle.ui-testing";
		};
/* End PBXNativeTarget section */

/* Begin PBXProject section */
		F89B6B4A21A892C400339B48 /* Project object */ = {
			isa = PBXProject;
			attributes = {
				LastSwiftUpdateCheck = 1010;
				LastUpgradeCheck = 1010;
				ORGANIZATIONNAME = "Innotact Software";
				TargetAttributes = {
					F89B6B5121A892C400339B48 = {
						CreatedOnToolsVersion = 10.1;
					};
					F89B6B6721A892C500339B48 = {
						CreatedOnToolsVersion = 10.1;
						TestTargetID = F89B6B5121A892C400339B48;
					};
					F89B6B7221A892C500339B48 = {
						CreatedOnToolsVersion = 10.1;
						TestTargetID = F89B6B5121A892C400339B48;
					};
				};
			};
			buildConfigurationList = F89B6B4D21A892C400339B48 /* Build configuration list for PBXProject "HelloWorld" */;
			compatibilityVersion = "Xcode 9.3";
			developmentRegion = en;
			hasScannedForEncodings = 0;
			knownRegions = (
				en,
				Base,
			);
			mainGroup = F89B6B4921A892C400339B48;
			productRefGroup = F89B6B5321A892C400339B48 /* Products */;
			projectDirPath = "";
			projectRoot = "";
			targets = (
				F89B6B5121A892C400339B48 /* HelloWorld */,
				F89B6B6721A892C500339B48 /* HelloWorldTests */,
				F89B6B7221A892C500339B48 /* HelloWorldUITests */,
			);
		};
/* End PBXProject section */

/* Begin PBXResourcesBuildPhase section */
		F89B6B5021A892C400339B48 /* Resources */ = {
			isa = PBXResourcesBuildPhase;
			buildActionMask = 2147483647;
			files = (
				F89B6B5821A892C400339B48 /* art.scnassets in Resources */,
				F89B6B6221A892C500339B48 /* LaunchScreen.storyboard in Resources */,
				F89B6B5F21A892C500339B48 /* Assets.xcassets in Resources */,
				F89B6B5D21A892C400339B48 /* Main.storyboard in Resources */,
			);
			runOnlyForDeploymentPostprocessing = 0;
		};
		F89B6B6621A892C500339B48 /* Resources */ = {
			isa = PBXResourcesBuildPhase;
			buildActionMask = 2147483647;
			files = (
			);
			runOnlyForDeploymentPostprocessing = 0;
		};
		F89B6B7121A892C500339B48 /* Resources */ = {
			isa = PBXResourcesBuildPhase;
			buildActionMask = 2147483647;
			files = (
			);
			runOnlyForDeploymentPostprocessing = 0;
		};
/* End PBXResourcesBuildPhase section */

/* Begin PBXSourcesBuildPhase section */
		F89B6B4E21A892C400339B48 /* Sources */ = {
			isa = PBXSourcesBuildPhase;
			buildActionMask = 2147483647;
			files = (
				F81DB62221AAF56700E9EE63 /* ViewController+ObjectAddition.swift in Sources */,
				F801390521A983810047DF13 /* ViewController+ARSCNViewDelegate.swift in Sources */,
				F82354A021A99D740089E734 /* FocusSquare.swift in Sources */,
				F89B6B5A21A892C400339B48 /* ViewController.swift in Sources */,
				F89B6B5621A892C400339B48 /* AppDelegate.swift in Sources */,
			);
			runOnlyForDeploymentPostprocessing = 0;
		};
		F89B6B6421A892C500339B48 /* Sources */ = {
			isa = PBXSourcesBuildPhase;
			buildActionMask = 2147483647;
			files = (
			);
			runOnlyForDeploymentPostprocessing = 0;
		};
		F89B6B6F21A892C500339B48 /* Sources */ = {
			isa = PBXSourcesBuildPhase;
			buildActionMask = 2147483647;
			files = (
			);
			runOnlyForDeploymentPostprocessing = 0;
		};
/* End PBXSourcesBuildPhase section */

/* Begin PBXTargetDependency section */
		F89B6B6A21A892C500339B48 /* PBXTargetDependency */ = {
			isa = PBXTargetDependency;
			target = F89B6B5121A892C400339B48 /* HelloWorld */;
			targetProxy = F89B6B6921A892C500339B48 /* PBXContainerItemProxy */;
		};
		F89B6B7521A892C500339B48 /* PBXTargetDependency */ = {
			isa = PBXTargetDependency;
			target = F89B6B5121A892C400339B48 /* HelloWorld */;
			targetProxy = F89B6B7421A892C500339B48 /* PBXContainerItemProxy */;
		};
/* End PBXTargetDependency section */

/* Begin PBXVariantGroup section */
		F89B6B5B21A892C400339B48 /* Main.storyboard */ = {
			isa = PBXVariantGroup;
			children = (
				F89B6B5C21A892C400339B48 /* Base */,
			);
			name = Main.storyboard;
			sourceTree = "<group>";
		};
		F89B6B6021A892C500339B48 /* LaunchScreen.storyboard */ = {
			isa = PBXVariantGroup;
			children = (
				F89B6B6121A892C500339B48 /* Base */,
			);
			name = LaunchScreen.storyboard;
			sourceTree = "<group>";
		};
/* End PBXVariantGroup section */

/* Begin XCBuildConfiguration section */
		F89B6B7A21A892C500339B48 /* Debug */ = {
			isa = XCBuildConfiguration;
			buildSettings = {
				ALWAYS_SEARCH_USER_PATHS = NO;
				CLANG_ANALYZER_NONNULL = YES;
				CLANG_ANALYZER_NUMBER_OBJECT_CONVERSION = YES_AGGRESSIVE;
				CLANG_CXX_LANGUAGE_STANDARD = "gnu++14";
				CLANG_CXX_LIBRARY = "libc++";
				CLANG_ENABLE_MODULES = YES;
				CLANG_ENABLE_OBJC_ARC = YES;
				CLANG_ENABLE_OBJC_WEAK = YES;
				CLANG_WARN_BLOCK_CAPTURE_AUTORELEASING = YES;
				CLANG_WARN_BOOL_CONVERSION = YES;
				CLANG_WARN_COMMA = YES;
				CLANG_WARN_CONSTANT_CONVERSION = YES;
				CLANG_WARN_DEPRECATED_OBJC_IMPLEMENTATIONS = YES;
				CLANG_WARN_DIRECT_OBJC_ISA_USAGE = YES_ERROR;
				CLANG_WARN_DOCUMENTATION_COMMENTS = YES;
				CLANG_WARN_EMPTY_BODY = YES;
				CLANG_WARN_ENUM_CONVERSION = YES;
				CLANG_WARN_INFINITE_RECURSION = YES;
				CLANG_WARN_INT_CONVERSION = YES;
				CLANG_WARN_NON_LITERAL_NULL_CONVERSION = YES;
				CLANG_WARN_OBJC_IMPLICIT_RETAIN_SELF = YES;
				CLANG_WARN_OBJC_LITERAL_CONVERSION = YES;
				CLANG_WARN_OBJC_ROOT_CLASS = YES_ERROR;
				CLANG_WARN_RANGE_LOOP_ANALYSIS = YES;
				CLANG_WARN_STRICT_PROTOTYPES = YES;
				CLANG_WARN_SUSPICIOUS_MOVE = YES;
				CLANG_WARN_UNGUARDED_AVAILABILITY = YES_AGGRESSIVE;
				CLANG_WARN_UNREACHABLE_CODE = YES;
				CLANG_WARN__DUPLICATE_METHOD_MATCH = YES;
				CODE_SIGN_IDENTITY = "iPhone Developer";
				COPY_PHASE_STRIP = NO;
				DEBUG_INFORMATION_FORMAT = dwarf;
				ENABLE_STRICT_OBJC_MSGSEND = YES;
				ENABLE_TESTABILITY = YES;
				GCC_C_LANGUAGE_STANDARD = gnu11;
				GCC_DYNAMIC_NO_PIC = NO;
				GCC_NO_COMMON_BLOCKS = YES;
				GCC_OPTIMIZATION_LEVEL = 0;
				GCC_PREPROCESSOR_DEFINITIONS = (
					"DEBUG=1",
					"$(inherited)",
				);
				GCC_WARN_64_TO_32_BIT_CONVERSION = YES;
				GCC_WARN_ABOUT_RETURN_TYPE = YES_ERROR;
				GCC_WARN_UNDECLARED_SELECTOR = YES;
				GCC_WARN_UNINITIALIZED_AUTOS = YES_AGGRESSIVE;
				GCC_WARN_UNUSED_FUNCTION = YES;
				GCC_WARN_UNUSED_VARIABLE = YES;
				IPHONEOS_DEPLOYMENT_TARGET = 12.1;
				MTL_ENABLE_DEBUG_INFO = INCLUDE_SOURCE;
				MTL_FAST_MATH = YES;
				ONLY_ACTIVE_ARCH = YES;
				SDKROOT = iphoneos;
				SWIFT_ACTIVE_COMPILATION_CONDITIONS = DEBUG;
				SWIFT_OPTIMIZATION_LEVEL = "-Onone";
			};
			name = Debug;
		};
		F89B6B7B21A892C500339B48 /* Release */ = {
			isa = XCBuildConfiguration;
			buildSettings = {
				ALWAYS_SEARCH_USER_PATHS = NO;
				CLANG_ANALYZER_NONNULL = YES;
				CLANG_ANALYZER_NUMBER_OBJECT_CONVERSION = YES_AGGRESSIVE;
				CLANG_CXX_LANGUAGE_STANDARD = "gnu++14";
				CLANG_CXX_LIBRARY = "libc++";
				CLANG_ENABLE_MODULES = YES;
				CLANG_ENABLE_OBJC_ARC = YES;
				CLANG_ENABLE_OBJC_WEAK = YES;
				CLANG_WARN_BLOCK_CAPTURE_AUTORELEASING = YES;
				CLANG_WARN_BOOL_CONVERSION = YES;
				CLANG_WARN_COMMA = YES;
				CLANG_WARN_CONSTANT_CONVERSION = YES;
				CLANG_WARN_DEPRECATED_OBJC_IMPLEMENTATIONS = YES;
				CLANG_WARN_DIRECT_OBJC_ISA_USAGE = YES_ERROR;
				CLANG_WARN_DOCUMENTATION_COMMENTS = YES;
				CLANG_WARN_EMPTY_BODY = YES;
				CLANG_WARN_ENUM_CONVERSION = YES;
				CLANG_WARN_INFINITE_RECURSION = YES;
				CLANG_WARN_INT_CONVERSION = YES;
				CLANG_WARN_NON_LITERAL_NULL_CONVERSION = YES;
				CLANG_WARN_OBJC_IMPLICIT_RETAIN_SELF = YES;
				CLANG_WARN_OBJC_LITERAL_CONVERSION = YES;
				CLANG_WARN_OBJC_ROOT_CLASS = YES_ERROR;
				CLANG_WARN_RANGE_LOOP_ANALYSIS = YES;
				CLANG_WARN_STRICT_PROTOTYPES = YES;
				CLANG_WARN_SUSPICIOUS_MOVE = YES;
				CLANG_WARN_UNGUARDED_AVAILABILITY = YES_AGGRESSIVE;
				CLANG_WARN_UNREACHABLE_CODE = YES;
				CLANG_WARN__DUPLICATE_METHOD_MATCH = YES;
				CODE_SIGN_IDENTITY = "iPhone Developer";
				COPY_PHASE_STRIP = NO;
				DEBUG_INFORMATION_FORMAT = "dwarf-with-dsym";
				ENABLE_NS_ASSERTIONS = NO;
				ENABLE_STRICT_OBJC_MSGSEND = YES;
				GCC_C_LANGUAGE_STANDARD = gnu11;
				GCC_NO_COMMON_BLOCKS = YES;
				GCC_WARN_64_TO_32_BIT_CONVERSION = YES;
				GCC_WARN_ABOUT_RETURN_TYPE = YES_ERROR;
				GCC_WARN_UNDECLARED_SELECTOR = YES;
				GCC_WARN_UNINITIALIZED_AUTOS = YES_AGGRESSIVE;
				GCC_WARN_UNUSED_FUNCTION = YES;
				GCC_WARN_UNUSED_VARIABLE = YES;
				IPHONEOS_DEPLOYMENT_TARGET = 12.1;
				MTL_ENABLE_DEBUG_INFO = NO;
				MTL_FAST_MATH = YES;
				SDKROOT = iphoneos;
				SWIFT_COMPILATION_MODE = wholemodule;
				SWIFT_OPTIMIZATION_LEVEL = "-O";
				VALIDATE_PRODUCT = YES;
			};
			name = Release;
		};
		F89B6B7D21A892C500339B48 /* Debug */ = {
			isa = XCBuildConfiguration;
			buildSettings = {
				ASSETCATALOG_COMPILER_APPICON_NAME = AppIcon;
				CODE_SIGN_IDENTITY = "iPhone Developer";
				CODE_SIGN_STYLE = Automatic;
				DEVELOPMENT_TEAM = 3KH9959JHW;
				INFOPLIST_FILE = HelloWorld/Info.plist;
				LD_RUNPATH_SEARCH_PATHS = (
					"$(inherited)",
					"@executable_path/Frameworks",
				);
				PRODUCT_BUNDLE_IDENTIFIER = casperarbajs.HelloWorld;
				PRODUCT_NAME = "$(TARGET_NAME)";
				PROVISIONING_PROFILE_SPECIFIER = "";
				SWIFT_VERSION = 4.2;
				TARGETED_DEVICE_FAMILY = "1,2";
			};
			name = Debug;
		};
		F89B6B7E21A892C500339B48 /* Release */ = {
			isa = XCBuildConfiguration;
			buildSettings = {
				ASSETCATALOG_COMPILER_APPICON_NAME = AppIcon;
				CODE_SIGN_IDENTITY = "iPhone Developer";
				CODE_SIGN_STYLE = Automatic;
				DEVELOPMENT_TEAM = 3KH9959JHW;
				INFOPLIST_FILE = HelloWorld/Info.plist;
				LD_RUNPATH_SEARCH_PATHS = (
					"$(inherited)",
					"@executable_path/Frameworks",
				);
				PRODUCT_BUNDLE_IDENTIFIER = casperarbajs.HelloWorld;
				PRODUCT_NAME = "$(TARGET_NAME)";
				PROVISIONING_PROFILE_SPECIFIER = "";
				SWIFT_VERSION = 4.2;
				TARGETED_DEVICE_FAMILY = "1,2";
			};
			name = Release;
		};
		F89B6B8021A892C500339B48 /* Debug */ = {
			isa = XCBuildConfiguration;
			buildSettings = {
				ALWAYS_EMBED_SWIFT_STANDARD_LIBRARIES = YES;
				BUNDLE_LOADER = "$(TEST_HOST)";
				CODE_SIGN_STYLE = Automatic;
				INFOPLIST_FILE = HelloWorldTests/Info.plist;
				LD_RUNPATH_SEARCH_PATHS = (
					"$(inherited)",
					"@executable_path/Frameworks",
					"@loader_path/Frameworks",
				);
				PRODUCT_BUNDLE_IDENTIFIER = casperarbajs.HelloWorldTests;
				PRODUCT_NAME = "$(TARGET_NAME)";
				SWIFT_VERSION = 4.2;
				TARGETED_DEVICE_FAMILY = "1,2";
				TEST_HOST = "$(BUILT_PRODUCTS_DIR)/HelloWorld.app/HelloWorld";
			};
			name = Debug;
		};
		F89B6B8121A892C500339B48 /* Release */ = {
			isa = XCBuildConfiguration;
			buildSettings = {
				ALWAYS_EMBED_SWIFT_STANDARD_LIBRARIES = YES;
				BUNDLE_LOADER = "$(TEST_HOST)";
				CODE_SIGN_STYLE = Automatic;
				INFOPLIST_FILE = HelloWorldTests/Info.plist;
				LD_RUNPATH_SEARCH_PATHS = (
					"$(inherited)",
					"@executable_path/Frameworks",
					"@loader_path/Frameworks",
				);
				PRODUCT_BUNDLE_IDENTIFIER = casperarbajs.HelloWorldTests;
				PRODUCT_NAME = "$(TARGET_NAME)";
				SWIFT_VERSION = 4.2;
				TARGETED_DEVICE_FAMILY = "1,2";
				TEST_HOST = "$(BUILT_PRODUCTS_DIR)/HelloWorld.app/HelloWorld";
			};
			name = Release;
		};
		F89B6B8321A892C500339B48 /* Debug */ = {
			isa = XCBuildConfiguration;
			buildSettings = {
				ALWAYS_EMBED_SWIFT_STANDARD_LIBRARIES = YES;
				CODE_SIGN_STYLE = Automatic;
				INFOPLIST_FILE = HelloWorldUITests/Info.plist;
				LD_RUNPATH_SEARCH_PATHS = (
					"$(inherited)",
					"@executable_path/Frameworks",
					"@loader_path/Frameworks",
				);
				PRODUCT_BUNDLE_IDENTIFIER = casperarbajs.HelloWorldUITests;
				PRODUCT_NAME = "$(TARGET_NAME)";
				SWIFT_VERSION = 4.2;
				TARGETED_DEVICE_FAMILY = "1,2";
				TEST_TARGET_NAME = HelloWorld;
			};
			name = Debug;
		};
		F89B6B8421A892C500339B48 /* Release */ = {
			isa = XCBuildConfiguration;
			buildSettings = {
				ALWAYS_EMBED_SWIFT_STANDARD_LIBRARIES = YES;
				CODE_SIGN_STYLE = Automatic;
				INFOPLIST_FILE = HelloWorldUITests/Info.plist;
				LD_RUNPATH_SEARCH_PATHS = (
					"$(inherited)",
					"@executable_path/Frameworks",
					"@loader_path/Frameworks",
				);
				PRODUCT_BUNDLE_IDENTIFIER = casperarbajs.HelloWorldUITests;
				PRODUCT_NAME = "$(TARGET_NAME)";
				SWIFT_VERSION = 4.2;
				TARGETED_DEVICE_FAMILY = "1,2";
				TEST_TARGET_NAME = HelloWorld;
			};
			name = Release;
		};
/* End XCBuildConfiguration section */

/* Begin XCConfigurationList section */
		F89B6B4D21A892C400339B48 /* Build configuration list for PBXProject "HelloWorld" */ = {
			isa = XCConfigurationList;
			buildConfigurations = (
				F89B6B7A21A892C500339B48 /* Debug */,
				F89B6B7B21A892C500339B48 /* Release */,
			);
			defaultConfigurationIsVisible = 0;
			defaultConfigurationName = Release;
		};
		F89B6B7C21A892C500339B48 /* Build configuration list for PBXNativeTarget "HelloWorld" */ = {
			isa = XCConfigurationList;
			buildConfigurations = (
				F89B6B7D21A892C500339B48 /* Debug */,
				F89B6B7E21A892C500339B48 /* Release */,
			);
			defaultConfigurationIsVisible = 0;
			defaultConfigurationName = Release;
		};
		F89B6B7F21A892C500339B48 /* Build configuration list for PBXNativeTarget "HelloWorldTests" */ = {
			isa = XCConfigurationList;
			buildConfigurations = (
				F89B6B8021A892C500339B48 /* Debug */,
				F89B6B8121A892C500339B48 /* Release */,
			);
			defaultConfigurationIsVisible = 0;
			defaultConfigurationName = Release;
		};
		F89B6B8221A892C500339B48 /* Build configuration list for PBXNativeTarget "HelloWorldUITests" */ = {
			isa = XCConfigurationList;
			buildConfigurations = (
				F89B6B8321A892C500339B48 /* Debug */,
				F89B6B8421A892C500339B48 /* Release */,
			);
			defaultConfigurationIsVisible = 0;
			defaultConfigurationName = Release;
		};
/* End XCConfigurationList section */
	};
	rootObject = F89B6B4A21A892C400339B48 /* Project object */;
}
